
Microsoft Visual Studio Solution File, Format Version 12.00
# Visual Studio Version 17
VisualStudioVersion = 17.2.32505.173
MinimumVisualStudioVersion = 10.0.40219.1
Project("{FAE04EC0-301F-11D3-BF4B-00C04F79EFBC}") = "HOME WORK PROJECT", "HOME WORK PROJECT\HOME WORK PROJECT.csproj", "{3EA4C76C-62BC-45D8-9E10-2B303A02AA4E}"
EndProject
Global
	GlobalSection(SolutionConfigurationPlatforms) = preSolution
		Debug|Any CPU = Debug|Any CPU
		Release|Any CPU = Release|Any CPU
	EndGlobalSection
	GlobalSection(ProjectConfigurationPlatforms) = postSolution
		{3EA4C76C-62BC-45D8-9E10-2B303A02AA4E}.Debug|Any CPU.ActiveCfg = Debug|Any CPU
		{3EA4C76C-62BC-45D8-9E10-2B303A02AA4E}.Debug|Any CPU.Build.0 = Debug|Any CPU
		{3EA4C76C-62BC-45D8-9E10-2B303A02AA4E}.Release|Any CPU.ActiveCfg = Release|Any CPU
		{3EA4C76C-62BC-45D8-9E10-2B303A02AA4E}.Release|Any CPU.Build.0 = Release|Any CPU
	EndGlobalSection
	GlobalSection(SolutionProperties) = preSolution
		HideSolutionNode = FALSE
	EndGlobalSection
	GlobalSection(ExtensibilityGlobals) = postSolution
		SolutionGuid = {870CC25C-97E2-46F1-B3B4-60E93124DBFA}
	EndGlobalSection
EndGlobal
